{
  "name": "villajoyosa-sanity",
  "lockfileVersion": 2,
  "requires": true,
  "packages": {
    "": {
      "devDependencies": {
        "@sanity/cli": "^2.13.1"
      }
    },
    "node_modules/@sanity/cli": {
      "version": "2.13.1",
      "resolved": "https://registry.npmjs.org/@sanity/cli/-/cli-2.13.1.tgz",
      "integrity": "sha512-/d8/CnWZ9IvCURCJ6EiDIMEcnX/2/XHVedF23LBOzl771sBiAhoG6gH6nU6GQMJOY0sAEaA7x4JRv0diXtPhDA==",
      "dev": true,
      "bin": {
        "sanity": "bin/sanity"
      },
      "engines": {
        "node": ">=10.0.0"
      }
    }
  },
  "dependencies": {
    "@sanity/cli": {
      "version": "2.13.1",
      "resolved": "https://registry.npmjs.org/@sanity/cli/-/cli-2.13.1.tgz",
      "integrity": "sha512-/d8/CnWZ9IvCURCJ6EiDIMEcnX/2/XHVedF23LBOzl771sBiAhoG6gH6nU6GQMJOY0sAEaA7x4JRv0diXtPhDA==",
      "dev": true
    }
  }
}
